
Microsoft Visual Studio Solution File, Format Version 12.00
# Visual Studio Version 16
VisualStudioVersion = 16.0.30711.63
MinimumVisualStudioVersion = 10.0.40219.1
Project("{FAE04EC0-301F-11D3-BF4B-00C04F79EFBC}") = "nordea1", "nordea1.csproj", "{1D68EAE9-573A-4652-BA79-12F8CC75C1C5}"
EndProject
Global
	GlobalSection(SolutionConfigurationPlatforms) = preSolution
		Debug|Any CPU = Debug|Any CPU
		Release|Any CPU = Release|Any CPU
	EndGlobalSection
	GlobalSection(ProjectConfigurationPlatforms) = postSolution
		{1D68EAE9-573A-4652-BA79-12F8CC75C1C5}.Debug|Any CPU.ActiveCfg = Debug|Any CPU
		{1D68EAE9-573A-4652-BA79-12F8CC75C1C5}.Debug|Any CPU.Build.0 = Debug|Any CPU
		{1D68EAE9-573A-4652-BA79-12F8CC75C1C5}.Release|Any CPU.ActiveCfg = Release|Any CPU
		{1D68EAE9-573A-4652-BA79-12F8CC75C1C5}.Release|Any CPU.Build.0 = Release|Any CPU
	EndGlobalSection
	GlobalSection(SolutionProperties) = preSolution
		HideSolutionNode = FALSE
	EndGlobalSection
	GlobalSection(ExtensibilityGlobals) = postSolution
		SolutionGuid = {501B0C81-A446-4B56-9676-5D12B4A1A47C}
	EndGlobalSection
EndGlobal
